{
  "nodes": {
    "flake-utils": {
      "locked": {
        "lastModified": 1653893745,
        "narHash": "sha256-0jntwV3Z8//YwuOjzhV2sgJJPt+HY6KhU7VZUL0fKZQ=",
        "owner": "numtide",
        "repo": "flake-utils",
        "rev": "1ed9fb1935d260de5fe1c2f7ee0ebaae17ed2fa1",
        "type": "github"
      },
      "original": {
        "owner": "numtide",
        "repo": "flake-utils",
        "type": "github"
      }
    },
    "flake-utils_2": {
      "locked": {
        "lastModified": 1644229661,
        "narHash": "sha256-1YdnJAsNy69bpcjuoKdOYQX0YxZBiCYZo4Twxerqv7k=",
        "owner": "numtide",
        "repo": "flake-utils",
        "rev": "3cecb5b042f7f209c56ffd8371b2711a290ec797",
        "type": "github"
      },
      "original": {
        "owner": "numtide",
        "repo": "flake-utils",
        "type": "github"
      }
    },
    "naersk": {
      "inputs": {
        "nixpkgs": "nixpkgs"
      },
      "locked": {
        "lastModified": 1653413650,
        "narHash": "sha256-wojDHjb+eU80MPH+3HQaK0liUy8EgR95rvmCl24i58Y=",
        "owner": "nix-community",
        "repo": "naersk",
        "rev": "69daaceebe12c070cd5ae69ba38f277bbf033695",
        "type": "github"
      },
      "original": {
        "owner": "nix-community",
        "repo": "naersk",
        "type": "github"
      }
    },
    "neovim-flake": {
      "inputs": {
        "flake-utils": "flake-utils_2",
        "nixpkgs": [
          "nixpkgs"
        ]
      },
      "locked": {
        "dir": "contrib",
        "lastModified": 1654363552,
        "narHash": "sha256-gNdxAFJ2lE6rSMFtsgc6n1QAk+TMSjUGOHCTmOFCu8Y=",
        "owner": "neovim",
        "repo": "neovim",
        "rev": "79a194a27844e34112a9befe854df98df06159d5",
        "type": "github"
      },
      "original": {
        "dir": "contrib",
        "owner": "neovim",
        "repo": "neovim",
        "type": "github"
      }
    },
    "nixpkgs": {
      "locked": {
        "lastModified": 1654245945,
        "narHash": "sha256-PV6MZ+HuNnyLxQGa2rwt0BmCRkQS2xqhc+SeJLQM+WU=",
        "owner": "NixOS",
        "repo": "nixpkgs",
        "rev": "442db9429b9fbdb6352cfb937afc8ecccfe2633f",
        "type": "github"
      },
      "original": {
        "id": "nixpkgs",
        "type": "indirect"
      }
    },
    "nixpkgs_2": {
      "locked": {
        "lastModified": 1654245945,
        "narHash": "sha256-PV6MZ+HuNnyLxQGa2rwt0BmCRkQS2xqhc+SeJLQM+WU=",
        "owner": "nixos",
        "repo": "nixpkgs",
        "rev": "442db9429b9fbdb6352cfb937afc8ecccfe2633f",
        "type": "github"
      },
      "original": {
        "owner": "nixos",
        "ref": "nixpkgs-unstable",
        "repo": "nixpkgs",
        "type": "github"
      }
    },
    "plugin:clangd_extensions": {
      "flake": false,
      "locked": {
        "lastModified": 1653965386,
        "narHash": "sha256-DcBrpkZDvj2SqmXCdctt+0q8pt8TPqo2rYM2e5eNqo4=",
        "owner": "p00f",
        "repo": "clangd_extensions.nvim",
        "rev": "81b56d41d8ab791509a8464b0afc54144be9f23d",
        "type": "github"
      },
      "original": {
        "owner": "p00f",
        "repo": "clangd_extensions.nvim",
        "type": "github"
      }
    },
    "plugin:cmp-source-buffer": {
      "flake": false,
      "locked": {
        "lastModified": 1652074301,
        "narHash": "sha256-jxtrPAhI8v0a9gmSlRZWFLyH3JYcmyLaV9fDnBHvy4U=",
        "owner": "hrsh7th",
        "repo": "cmp-buffer",
        "rev": "12463cfcd9b14052f9effccbf1d84caa7a2d57f0",
        "type": "github"
      },
      "original": {
        "owner": "hrsh7th",
        "repo": "cmp-buffer",
        "type": "github"
      }
    },
    "plugin:cmp-source-calc": {
      "flake": false,
      "locked": {
        "lastModified": 1650891770,
        "narHash": "sha256-zwOsjbIbv5NMFgRHSvR4fVFIQOv8+3ETDxDAZYgut2A=",
        "owner": "hrsh7th",
        "repo": "cmp-calc",
        "rev": "f7efc20768603bd9f9ae0ed073b1c129f63eb312",
        "type": "github"
      },
      "original": {
        "owner": "hrsh7th",
        "repo": "cmp-calc",
        "type": "github"
      }
    },
    "plugin:cmp-source-crates": {
      "flake": false,
      "locked": {
        "lastModified": 1653904913,
        "narHash": "sha256-WoXpSJLp4pLTVD58KO5oTV9NJXMPlJ8oNkrd99EdpcM=",
        "owner": "saecki",
        "repo": "crates.nvim",
        "rev": "cceea1a4f2d0131f43b6d17ad5c793aded19443b",
        "type": "github"
      },
      "original": {
        "owner": "saecki",
        "repo": "crates.nvim",
        "type": "github"
      }
    },
    "plugin:cmp-source-latex_symbols": {
      "flake": false,
      "locked": {
        "lastModified": 1631255143,
        "narHash": "sha256-9KHNmb0yt/AmUOf1etbj7rkDXTYYj1S89K8ycD3gEp8=",
        "owner": "kdheepak",
        "repo": "cmp-latex-symbols",
        "rev": "29dc9e53d17cd1f26605888f85500c8ba79cebff",
        "type": "github"
      },
      "original": {
        "owner": "kdheepak",
        "repo": "cmp-latex-symbols",
        "type": "github"
      }
    },
    "plugin:cmp-source-nvim_lsp": {
      "flake": false,
      "locked": {
        "lastModified": 1652705110,
        "narHash": "sha256-19Ka4EQhqo//IMjJ/DnXiHsevVWFy2M90oSjmBFfCO0=",
        "owner": "hrsh7th",
        "repo": "cmp-nvim-lsp",
        "rev": "affe808a5c56b71630f17aa7c38e15c59fd648a8",
        "type": "github"
      },
      "original": {
        "owner": "hrsh7th",
        "repo": "cmp-nvim-lsp",
        "type": "github"
      }
    },
    "plugin:cmp-source-path": {
      "flake": false,
      "locked": {
        "lastModified": 1643823794,
        "narHash": "sha256-xYzTpqVKpBBnajqqRRzAXlHAC13VGK1D9mFr3bntepY=",
        "owner": "hrsh7th",
        "repo": "cmp-path",
        "rev": "466b6b8270f7ba89abd59f402c73f63c7331ff6e",
        "type": "github"
      },
      "original": {
        "owner": "hrsh7th",
        "repo": "cmp-path",
        "type": "github"
      }
    },
    "plugin:cmp-source-treesitter": {
      "flake": false,
      "locked": {
        "lastModified": 1650880862,
        "narHash": "sha256-ZQ2VSrXcUEcy+1lbdvK/pnz3Ppp1lDr38g/z7OvhH8o=",
        "owner": "ray-x",
        "repo": "cmp-treesitter",
        "rev": "c5187c31abd081ecef8b41e5eb476b7340442310",
        "type": "github"
      },
      "original": {
        "owner": "ray-x",
        "repo": "cmp-treesitter",
        "type": "github"
      }
    },
    "plugin:cmp-source-vsnip": {
      "flake": false,
      "locked": {
        "lastModified": 1636543683,
        "narHash": "sha256-7K3shsiGK7ISFXj9D9MPK7yRqIxeCrbj1IsggToWHO4=",
        "owner": "hrsh7th",
        "repo": "cmp-vsnip",
        "rev": "0abfa1860f5e095a07c477da940cfcb0d273b700",
        "type": "github"
      },
      "original": {
        "owner": "hrsh7th",
        "repo": "cmp-vsnip",
        "type": "github"
      }
    },
    "plugin:crates": {
      "flake": false,
      "locked": {
        "lastModified": 1653904913,
        "narHash": "sha256-WoXpSJLp4pLTVD58KO5oTV9NJXMPlJ8oNkrd99EdpcM=",
        "owner": "saecki",
        "repo": "crates.nvim",
        "rev": "cceea1a4f2d0131f43b6d17ad5c793aded19443b",
        "type": "github"
      },
      "original": {
        "owner": "saecki",
        "repo": "crates.nvim",
        "type": "github"
      }
    },
    "plugin:editorconfig": {
      "flake": false,
      "locked": {
        "lastModified": 1642820146,
        "narHash": "sha256-qFLXqhV+ZVhxoq+QoxWSDUrg8W/+qChJuCd4hSJqy28=",
        "owner": "editorconfig",
        "repo": "editorconfig-vim",
        "rev": "a8e3e66deefb6122f476c27cee505aaae93f7109",
        "type": "github"
      },
      "original": {
        "owner": "editorconfig",
        "repo": "editorconfig-vim",
        "type": "github"
      }
    },
    "plugin:fidget": {
      "flake": false,
      "locked": {
        "lastModified": 1653063468,
        "narHash": "sha256-0Z2fIEqDQzR8iNQtX+J7qE8TVg7xhvenYbUdOkUPC/g=",
        "owner": "j-hui",
        "repo": "fidget.nvim",
        "rev": "37d536bbbee47222ddfeca0e8186e8ee6884f9a2",
        "type": "github"
      },
      "original": {
        "owner": "j-hui",
        "repo": "fidget.nvim",
        "type": "github"
      }
    },
    "plugin:filetype-nvim": {
      "flake": false,
      "locked": {
        "lastModified": 1654194633,
        "narHash": "sha256-B+VvgQj8akiKe+MX/dV2/mdaaqF8s2INW3phdPJ5TFA=",
        "owner": "nathom",
        "repo": "filetype.nvim",
        "rev": "b522628a45a17d58fc0073ffd64f9dc9530a8027",
        "type": "github"
      },
      "original": {
        "owner": "nathom",
        "repo": "filetype.nvim",
        "type": "github"
      }
    },
    "plugin:galaxyline": {
      "flake": false,
      "locked": {
        "lastModified": 1642780556,
        "narHash": "sha256-85mScXLgGp5SJSIPwVOt0RYTP4esV5SjzDD6dhox83U=",
        "owner": "NTBBloodbath",
        "repo": "galaxyline.nvim",
        "rev": "4d4f5fc8e20a10824117e5beea7ec6e445466a8f",
        "type": "github"
      },
      "original": {
        "owner": "NTBBloodbath",
        "repo": "galaxyline.nvim",
        "type": "github"
      }
    },
    "plugin:git-messenger": {
      "flake": false,
      "locked": {
        "lastModified": 1651502623,
        "narHash": "sha256-8yv0xRyepvrNqwaZMhzrtMDnnNa+F7b0cQFqXmdhGL4=",
        "owner": "rhysd",
        "repo": "git-messenger.vim",
        "rev": "6c0b55fb38d0e0633127823aab89b0676d13e509",
        "type": "github"
      },
      "original": {
        "owner": "rhysd",
        "repo": "git-messenger.vim",
        "type": "github"
      }
    },
    "plugin:gitsigns": {
      "flake": false,
      "locked": {
        "lastModified": 1653566153,
        "narHash": "sha256-JoeK8ZZYA00gF7MFwU2ukJjdz3HZGaW7IT03y445oRI=",
        "owner": "lewis6991",
        "repo": "gitsigns.nvim",
        "rev": "27aeb2e715c32cbb99aa0b326b31739464b61644",
        "type": "github"
      },
      "original": {
        "owner": "lewis6991",
        "repo": "gitsigns.nvim",
        "type": "github"
      }
    },
    "plugin:headerguard": {
      "flake": false,
      "locked": {
        "lastModified": 1430175944,
        "narHash": "sha256-ANMyw7uaD2T8dwQ70dYjrmhnfj7rfzDVo5xUcwsgBis=",
        "owner": "drmikehenry",
        "repo": "vim-headerguard",
        "rev": "e53b37fa0772ffe2f30209f6109f5f2ae0fbf48f",
        "type": "github"
      },
      "original": {
        "owner": "drmikehenry",
        "repo": "vim-headerguard",
        "type": "github"
      }
    },
    "plugin:inc-rename": {
      "flake": false,
      "locked": {
        "lastModified": 1654335303,
        "narHash": "sha256-mc+jQCWBJ94AnBdBzyCZUrTkgNujIK+KjwdfI20acXQ=",
        "owner": "smjonas",
        "repo": "inc-rename.nvim",
        "rev": "800382c2451e79ba9482d6b40d9395c85e45325f",
        "type": "github"
      },
      "original": {
        "owner": "smjonas",
        "repo": "inc-rename.nvim",
        "type": "github"
      }
    },
    "plugin:indent-blankline": {
      "flake": false,
      "locked": {
        "lastModified": 1653381642,
        "narHash": "sha256-V020Sd2AcbEUvlnXffCDFBgVZnHCVUO16bfKJNn6Xq8=",
        "owner": "lukas-reineke",
        "repo": "indent-blankline.nvim",
        "rev": "6177a59552e35dfb69e1493fd68194e673dc3ee2",
        "type": "github"
      },
      "original": {
        "owner": "lukas-reineke",
        "repo": "indent-blankline.nvim",
        "type": "github"
      }
    },
    "plugin:kommentary": {
      "flake": false,
      "locked": {
        "lastModified": 1653669469,
        "narHash": "sha256-YPIV/y4BPna2yqDGKxfjDnC6eZGMqOunYrTv1uLd/NE=",
        "owner": "b3nj5m1n",
        "repo": "kommentary",
        "rev": "533d768a140b248443da8346b88e88db704212ab",
        "type": "github"
      },
      "original": {
        "owner": "b3nj5m1n",
        "repo": "kommentary",
        "type": "github"
      }
    },
    "plugin:lsp_signature": {
      "flake": false,
      "locked": {
        "lastModified": 1653564320,
        "narHash": "sha256-N4ISxE3rxWovfprkZfuFcOmtAAemZhx5HxT1GmpXttA=",
        "owner": "ray-x",
        "repo": "lsp_signature.nvim",
        "rev": "9ccee20602a10843e3ea3ebc2536dfdcc6cee9a3",
        "type": "github"
      },
      "original": {
        "owner": "ray-x",
        "repo": "lsp_signature.nvim",
        "type": "github"
      }
    },
    "plugin:lspkind": {
      "flake": false,
      "locked": {
        "lastModified": 1650298271,
        "narHash": "sha256-0103K5lnzWCyuT/qwiBUo5PJ7lUX7fo+zNeEnQClI7A=",
        "owner": "onsails",
        "repo": "lspkind-nvim",
        "rev": "57e5b5dfbe991151b07d272a06e365a77cc3d0e7",
        "type": "github"
      },
      "original": {
        "owner": "onsails",
        "repo": "lspkind-nvim",
        "type": "github"
      }
    },
    "plugin:null-ls": {
      "flake": false,
      "locked": {
        "lastModified": 1653965733,
        "narHash": "sha256-giX8Kiba4qsEup3+zdMSC0vLfXqHldqLoCfRemg6114=",
        "owner": "jose-elias-alvarez",
        "repo": "null-ls.nvim",
        "rev": "7b8560d53045f36d74236d17f0b280ec94e65198",
        "type": "github"
      },
      "original": {
        "owner": "jose-elias-alvarez",
        "repo": "null-ls.nvim",
        "type": "github"
      }
    },
    "plugin:nvim-cmp": {
      "flake": false,
      "locked": {
        "lastModified": 1653442331,
        "narHash": "sha256-DztQOlhSq1kSEl27ygmUo7ctZGrVDq1fBOzGwSKTjXs=",
        "owner": "hrsh7th",
        "repo": "nvim-cmp",
        "rev": "033a817ced907c8bcdcbe3355d7ea67446264f4b",
        "type": "github"
      },
      "original": {
        "owner": "hrsh7th",
        "repo": "nvim-cmp",
        "type": "github"
      }
    },
    "plugin:nvim-lightbulb": {
      "flake": false,
      "locked": {
        "lastModified": 1652732578,
        "narHash": "sha256-JdfD8faXR0ZgBDYwqccdlE8rKwm8/R9gJjXFVODpDmg=",
        "owner": "kosayoda",
        "repo": "nvim-lightbulb",
        "rev": "1adc99adcfe2f3e2b3051f6449e1673e66643e77",
        "type": "github"
      },
      "original": {
        "owner": "kosayoda",
        "repo": "nvim-lightbulb",
        "type": "github"
      }
    },
    "plugin:nvim-lspconfig": {
      "flake": false,
      "locked": {
        "lastModified": 1654272327,
        "narHash": "sha256-CcsXXrjfcdcfhGrmcZKrgm95fhojt35IgLuTt3OUkN4=",
        "owner": "neovim",
        "repo": "nvim-lspconfig",
        "rev": "2a455c148341c4faf2dd60401397fed35d084c59",
        "type": "github"
      },
      "original": {
        "owner": "neovim",
        "repo": "nvim-lspconfig",
        "type": "github"
      }
    },
    "plugin:nvim-tree-lua": {
      "flake": false,
      "locked": {
        "lastModified": 1654344395,
        "narHash": "sha256-mP2EEMR1uAUaEg5EfuAkrVhyfL5CIGBA9PjvlKKxUwM=",
        "owner": "kyazdani42",
        "repo": "nvim-tree.lua",
        "rev": "25921aa87a3da31d788870ec2d4e94c723923975",
        "type": "github"
      },
      "original": {
        "owner": "kyazdani42",
        "repo": "nvim-tree.lua",
        "type": "github"
      }
    },
    "plugin:nvim-treesitter": {
      "flake": false,
      "locked": {
        "lastModified": 1654358039,
        "narHash": "sha256-rlIQBWzkGstO6yRkCCjdL1MVjAKXT8Hsi++/1FF49sw=",
        "owner": "nvim-treesitter",
        "repo": "nvim-treesitter",
        "rev": "e4df4228b7c07f98e55345b40ac0093d27d0d18c",
        "type": "github"
      },
      "original": {
        "owner": "nvim-treesitter",
        "repo": "nvim-treesitter",
        "type": "github"
      }
    },
    "plugin:nvim-treesitter-context": {
      "flake": false,
      "locked": {
        "lastModified": 1655299310,
        "narHash": "sha256-FPyqqMOopd4hHnhPDqzRsQ9ezm8YpM9O1XVwjPJ93+8=",
        "owner": "nvim-treesitter",
        "repo": "nvim-treesitter-context",
        "rev": "fff47da1ddddcdeab8d66f384f0a0496eb8fb024",
        "type": "github"
      },
      "original": {
        "owner": "nvim-treesitter",
        "repo": "nvim-treesitter-context",
        "type": "github"
      }
    },
    "plugin:nvim-treesitter-refactor": {
      "flake": false,
      "locked": {
        "lastModified": 1652483521,
        "narHash": "sha256-8iAwtoMqh+2ef8qooxBFzm1eAm+P+8IKjjepV4n/+vI=",
        "owner": "nvim-treesitter",
        "repo": "nvim-treesitter-refactor",
        "rev": "75f5895cc662d61eb919da8050b7a0124400d589",
        "type": "github"
      },
      "original": {
        "owner": "nvim-treesitter",
        "repo": "nvim-treesitter-refactor",
        "type": "github"
      }
    },
    "plugin:nvim-web-devicons": {
      "flake": false,
      "locked": {
        "lastModified": 1653947674,
        "narHash": "sha256-Y+vKEk2TDEB/ij2gNXv3CEa7aqapuItCj74LvsAvYkk=",
        "owner": "kyazdani42",
        "repo": "nvim-web-devicons",
        "rev": "8d2c5337f0a2d0a17de8e751876eeb192b32310e",
        "type": "github"
      },
      "original": {
        "owner": "kyazdani42",
        "repo": "nvim-web-devicons",
        "type": "github"
      }
    },
    "plugin:plantuml-syntax": {
      "flake": false,
      "locked": {
        "lastModified": 1645367918,
        "narHash": "sha256-I7cYqJcMZb9Clk+yUiu5NIwAuZr12wIaaw94dK0Zrhc=",
        "owner": "aklt",
        "repo": "plantuml-syntax",
        "rev": "660bbb1ece1e654b2176f76ce0689304c5a4a025",
        "type": "github"
      },
      "original": {
        "owner": "aklt",
        "repo": "plantuml-syntax",
        "type": "github"
      }
    },
    "plugin:plenary": {
      "flake": false,
      "locked": {
        "lastModified": 1654090359,
        "narHash": "sha256-UdiZebTShz36hrX4C+S+7XE2rUObtZQppVwR7A9rstE=",
        "owner": "nvim-lua",
        "repo": "plenary.nvim",
        "rev": "54b2e3d58f567983feabaeb9408eccf6b7f32206",
        "type": "github"
      },
      "original": {
        "owner": "nvim-lua",
        "repo": "plenary.nvim",
        "type": "github"
      }
    },
    "plugin:rust-tools": {
      "flake": false,
      "locked": {
        "lastModified": 1652859719,
        "narHash": "sha256-ubO9Xoeg7ZSRJinMM1iZ8KF4sHHuQ7Npo/wqliSXvE0=",
        "owner": "simrat39",
        "repo": "rust-tools.nvim",
        "rev": "11dcd674781ba68a951ab4c7b740553cae8fe671",
        "type": "github"
      },
      "original": {
        "owner": "simrat39",
        "repo": "rust-tools.nvim",
        "type": "github"
      }
    },
    "plugin:telescope": {
      "flake": false,
      "locked": {
        "lastModified": 1654193859,
        "narHash": "sha256-ICgoN8u9dVLgvWd+TENJeQIsfu4POPuJMsL2e6rFBFU=",
        "owner": "nvim-telescope",
        "repo": "telescope.nvim",
        "rev": "d3aad43b3fcf707052f7dd8a7c7072fa69773f3c",
        "type": "github"
      },
      "original": {
        "owner": "nvim-telescope",
        "repo": "telescope.nvim",
        "type": "github"
      }
    },
    "plugin:telescope-ui-select": {
      "flake": false,
      "locked": {
        "lastModified": 1651305900,
        "narHash": "sha256-/JM2KX70JXa3sydrUj13Vd4rRwhn3VrdW7qLLHqIqyY=",
        "owner": "nvim-telescope",
        "repo": "telescope-ui-select.nvim",
        "rev": "62ea5e58c7bbe191297b983a9e7e89420f581369",
        "type": "github"
      },
      "original": {
        "owner": "nvim-telescope",
        "repo": "telescope-ui-select.nvim",
        "type": "github"
      }
    },
    "plugin:vim-matchup": {
      "flake": false,
      "locked": {
        "lastModified": 1653786068,
        "narHash": "sha256-rvHij+5NvvHwat6DynVrE1omofxRZzP4h5teJxf9VKA=",
        "owner": "andymass",
        "repo": "vim-matchup",
        "rev": "976ebfe61b407d0a75d87b4a507bf9ae4ffffbaa",
        "type": "github"
      },
      "original": {
        "owner": "andymass",
        "repo": "vim-matchup",
        "type": "github"
      }
    },
    "plugin:vim-moonfly-colors": {
      "flake": false,
      "locked": {
        "lastModified": 1654320852,
        "narHash": "sha256-jd3ZNreK19StcnzqMChgCSGczchjiBksjlxUIY+muvc=",
        "owner": "bluz71",
        "repo": "vim-moonfly-colors",
        "rev": "aa025764e3031cfbedf49a049c22a30789673b7f",
        "type": "github"
      },
      "original": {
        "owner": "bluz71",
        "repo": "vim-moonfly-colors",
        "type": "github"
      }
    },
    "plugin:vim-vsnip": {
      "flake": false,
      "locked": {
        "lastModified": 1650631622,
        "narHash": "sha256-USltEc6QGHwMqx7E9wo9qZmq+pm9FLj0CUcKoE7KPLU=",
        "owner": "hrsh7th",
        "repo": "vim-vsnip",
        "rev": "8f199ef690ed26dcbb8973d9a6760d1332449ac9",
        "type": "github"
      },
      "original": {
        "owner": "hrsh7th",
        "repo": "vim-vsnip",
        "type": "github"
      }
    },
    "root": {
      "inputs": {
        "flake-utils": "flake-utils",
        "naersk": "naersk",
        "neovim-flake": "neovim-flake",
        "nixpkgs": "nixpkgs_2",
        "plugin:clangd_extensions": "plugin:clangd_extensions",
        "plugin:cmp-source-buffer": "plugin:cmp-source-buffer",
        "plugin:cmp-source-calc": "plugin:cmp-source-calc",
        "plugin:cmp-source-crates": "plugin:cmp-source-crates",
        "plugin:cmp-source-latex_symbols": "plugin:cmp-source-latex_symbols",
        "plugin:cmp-source-nvim_lsp": "plugin:cmp-source-nvim_lsp",
        "plugin:cmp-source-path": "plugin:cmp-source-path",
        "plugin:cmp-source-treesitter": "plugin:cmp-source-treesitter",
        "plugin:cmp-source-vsnip": "plugin:cmp-source-vsnip",
        "plugin:crates": "plugin:crates",
        "plugin:editorconfig": "plugin:editorconfig",
        "plugin:fidget": "plugin:fidget",
        "plugin:filetype-nvim": "plugin:filetype-nvim",
        "plugin:galaxyline": "plugin:galaxyline",
        "plugin:git-messenger": "plugin:git-messenger",
        "plugin:gitsigns": "plugin:gitsigns",
        "plugin:headerguard": "plugin:headerguard",
        "plugin:inc-rename": "plugin:inc-rename",
        "plugin:indent-blankline": "plugin:indent-blankline",
        "plugin:kommentary": "plugin:kommentary",
        "plugin:lsp_signature": "plugin:lsp_signature",
        "plugin:lspkind": "plugin:lspkind",
        "plugin:null-ls": "plugin:null-ls",
        "plugin:nvim-cmp": "plugin:nvim-cmp",
        "plugin:nvim-lightbulb": "plugin:nvim-lightbulb",
        "plugin:nvim-lspconfig": "plugin:nvim-lspconfig",
        "plugin:nvim-tree-lua": "plugin:nvim-tree-lua",
        "plugin:nvim-treesitter": "plugin:nvim-treesitter",
        "plugin:nvim-treesitter-context": "plugin:nvim-treesitter-context",
        "plugin:nvim-treesitter-refactor": "plugin:nvim-treesitter-refactor",
        "plugin:nvim-web-devicons": "plugin:nvim-web-devicons",
        "plugin:plantuml-syntax": "plugin:plantuml-syntax",
        "plugin:plenary": "plugin:plenary",
        "plugin:rust-tools": "plugin:rust-tools",
        "plugin:telescope": "plugin:telescope",
        "plugin:telescope-ui-select": "plugin:telescope-ui-select",
        "plugin:vim-matchup": "plugin:vim-matchup",
        "plugin:vim-moonfly-colors": "plugin:vim-moonfly-colors",
        "plugin:vim-vsnip": "plugin:vim-vsnip",
        "stylua": "stylua"
      }
    },
    "stylua": {
      "flake": false,
      "locked": {
        "lastModified": 1652782451,
        "narHash": "sha256-g6JdJG2Tl8zqeGtauh+EobCjPhBfJV14tqeRxIscMSs=",
        "owner": "johnnymorganz",
        "repo": "stylua",
        "rev": "27c97ca60f580da23af2b06a63231e0373917a64",
        "type": "github"
      },
      "original": {
        "owner": "johnnymorganz",
        "repo": "stylua",
        "type": "github"
      }
    }
  },
  "root": "root",
  "version": 7
}
